{
  "name": "DBS_Project_Python",
  "lockfileVersion": 3,
  "requires": true,
  "packages": {
    "": {
      "dependencies": {
        "@fontsource/exo-2": "^5.2.8",
        "@fontsource/orbitron": "^5.2.8",
        "@fortawesome/fontawesome-free": "^7.2.0"
      }
    },
    "node_modules/@fontsource/exo-2": {
      "version": "5.2.8",
      "resolved": "https://registry.npmjs.org/@fontsource/exo-2/-/exo-2-5.2.8.tgz",
      "integrity": "sha512-cOZuiqW+gKg2SJAjymCicup0A8qto4M/lpyGahal3twMeLCRma8x/okFCdLYlTvYeQesF7d3WLKi+N04iPb40A==",
      "license": "OFL-1.1",
      "funding": {
        "url": "https://github.com/sponsors/ayuhito"
      }
    },
    "node_modules/@fontsource/orbitron": {
      "version": "5.2.8",
      "resolved": "https://registry.npmjs.org/@fontsource/orbitron/-/orbitron-5.2.8.tgz",
      "integrity": "sha512-ruzrDl5vnqNykk5DZWY0Ezj4aeFZSbCnwJTc/98ojNJHSsHhlhT2r7rwQrA5sptmF8JtB8TQTAvlfRvcV28RPw==",
      "license": "OFL-1.1",
      "funding": {
        "url": "https://github.com/sponsors/ayuhito"
      }
    },
    "node_modules/@fortawesome/fontawesome-free": {
      "version": "7.2.0",
      "resolved": "https://registry.npmjs.org/@fortawesome/fontawesome-free/-/fontawesome-free-7.2.0.tgz",
      "integrity": "sha512-3DguDv/oUE+7vjMeTSOjCSG+KeawgVQOHrKRnvUuqYh1mfArrh7s+s8hXW3e4RerBA1+Wh+hBqf8sJNpqNrBWg==",
      "license": "(CC-BY-4.0 AND OFL-1.1 AND MIT)",
      "engines": {
        "node": ">=6"
      }
    }
  }
}
